core:changelogs:
  - content: "---\npackages:\n  cargo:microck-pangram-cli:\n    type: patch\n  npm:@microck/pangram-cli:\n    type: patch\n---\n\n## Fixed\n\nCorrected command examples and generated reference pages so they match the shipped CLI and MCP contracts.\n"
    filename: documentation-drift.md
    v: 0.0.0
  - content: "---\npackages:\n  cargo:microck-pangram-cli:\n    type: patch\n  npm:@microck/pangram-cli:\n    type: patch\n---\n\n## Added\n\nPublic landing page for the Pangram CLI.\n\n## Changed\n\nAligned the README with the current release and installation paths.\n"
    filename: landing-docs-refresh.md
    v: 0.0.0
  - content: "---\npackages:\n  npm:@microck/pangram-cli:\n    type: patch\n---\n\n## Security\n\nUpdated the documentation site to Next.js 16.3.4, which carries the fixes for GHSA-p293-qw3h-jr36 and GHSA-2xp9-vwfh-vxw4.\n"
    filename: next-security-patch.md
    v: 0.0.0
  - content: "---\npackages:\n  cargo:microck-pangram-cli:\n    type: patch\n  npm:@microck/pangram-cli:\n    type: patch\n---\n\n## Added\n\n`tui.highlight` (default `false`) paints AI-detection segment text in its evidence tone in the TUI result. A `Highlight` toggle in the Analyze inspector changes it while a result is shown.\n\n## Changed\n\nThe TUI result view groups each check under a heading, gives every AI segment its own label, text, and measurement rows, and mutes identities and timestamps so evidence is readable instead of one long line per segment.\n\nAI, AI-assisted, and human evidence use the same red, amber, and green tones as the Pangram dashboard, and a word-proportional bar shows where each kind of text sits in the document.\n"
    filename: tui-result-layout.md
    v: 0.0.0
core:packages:
  - id: npm:pangram-cli-development-tools
    updated: false
  - id: npm:@microck/pangram-docs
    updated: false
  - changelogIds:
      - documentation-drift.md
      - landing-docs-refresh.md
      - next-security-patch.md
      - tui-result-layout.md
    id: npm:@microck/pangram-cli
    updated: true
  - changelogIds:
      - documentation-drift.md
      - landing-docs-refresh.md
      - tui-result-layout.md
    id: cargo:microck-pangram-cli
    updated: true
npm:packages:
  - id: npm:pangram-cli-development-tools
  - id: npm:@microck/pangram-docs
  - id: npm:@microck/pangram-cli
