core:changelogs:
  - content: "---\npackages:\n  cargo:microck-pangram-cli:\n    type: minor\n  npm:@microck/pangram-cli:\n    type: minor\n---\n\n## Added\n\nOne in four TUI intros now shows Pangram's cat-pufferfish instead of the fox: it swims in, then puffs up before the Analyze screen fades in.\n\n## Security\n\nUpdate rustls to address RUSTSEC-2026-0285 in TLS 1.3 handshake processing.\n"
    filename: cat-pufferfish-intro.md
    v: 0.0.0
core:packages:
  - id: npm:pangram-cli-development-tools
    updated: false
  - id: npm:@microck/pangram-docs
    updated: false
  - changelogIds:
      - cat-pufferfish-intro.md
    id: npm:@microck/pangram-cli
    updated: true
  - changelogIds:
      - cat-pufferfish-intro.md
    id: cargo:microck-pangram-cli
    updated: true
npm:packages:
  - id: npm:pangram-cli-development-tools
  - id: npm:@microck/pangram-docs
  - id: npm:@microck/pangram-cli
