core:changelogs:
  - content: "---\npackages:\n  cargo:microck-pangram-cli:\n    type: minor\n  npm:@microck/pangram-cli:\n    type: minor\n---\n\n## Added\n\n`pangram video`, `audio`, and `youtube` transcribe media locally with whisper.cpp and run AI detection on the transcript. `pangram pr`, `issue`, and `comments` detect AI writing in GitHub titles, descriptions, and comment bodies.\n\n## Changed\n\nThe JSON output schema is now major `\"2\"`. Text input `origin` adds `transcript` and `github`, and new error codes cover missing tools, model downloads, transcription, and GitHub access.\n"
    filename: source-ingest-shortcuts.md
    v: 0.0.0
core:packages:
  - id: npm:pangram-cli-development-tools
    updated: false
  - id: npm:@microck/pangram-docs
    updated: false
  - changelogIds:
      - source-ingest-shortcuts.md
    id: npm:@microck/pangram-cli
    updated: true
  - changelogIds:
      - source-ingest-shortcuts.md
    id: cargo:microck-pangram-cli
    updated: true
npm:packages:
  - id: npm:pangram-cli-development-tools
  - id: npm:@microck/pangram-docs
  - id: npm:@microck/pangram-cli
